
Microsoft Visual Studio Solution File, Format Version 12.00
# Visual Studio 15
VisualStudioVersion = 15.0.26228.12
MinimumVisualStudioVersion = 10.0.40219.1
Project("{FAE04EC0-301F-11D3-BF4B-00C04F79EFBC}") = "TestApp", "TestApp\TestApp.csproj", "{57121D92-8A57-4BDC-A19E-15EBF83CA0C8}"
EndProject
Project("{FAE04EC0-301F-11D3-BF4B-00C04F79EFBC}") = "ReduxRxNET.Store", "ReduxRxNET.Store\ReduxRxNET.Store.csproj", "{EE39247C-2556-42AD-99AE-744E68BBA59D}"
EndProject
Project("{FAE04EC0-301F-11D3-BF4B-00C04F79EFBC}") = "ReduxRxNET.Store.Tests", "ReduxRxNET.Store.Tests\ReduxRxNET.Store.Tests.csproj", "{DFE1BE84-2C72-42BA-A858-016A19921307}"
EndProject
Project("{FAE04EC0-301F-11D3-BF4B-00C04F79EFBC}") = "ReduxRxNET.SideEffects", "ReduxRxNET.Effects\ReduxRxNET.SideEffects.csproj", "{BCBC5CB5-BAB1-46CF-9B2E-D8D70BA8161C}"
EndProject
Project("{FAE04EC0-301F-11D3-BF4B-00C04F79EFBC}") = "ReduxRxNET.SideEffects.Tests", "ReduxRxNET.Effects.Tests\ReduxRxNET.SideEffects.Tests.csproj", "{51E9BBCC-B6C8-473C-8C7B-F4961EF98DA0}"
EndProject
Project("{FAE04EC0-301F-11D3-BF4B-00C04F79EFBC}") = "TestApp.Api", "TestApp.Api\TestApp.Api.csproj", "{57451117-16DF-40FB-B360-F7F310A4CD37}"
EndProject
Global
	GlobalSection(SolutionConfigurationPlatforms) = preSolution
		Debug|Any CPU = Debug|Any CPU
		Debug|ARM = Debug|ARM
		Debug|x64 = Debug|x64
		Debug|x86 = Debug|x86
		Release|Any CPU = Release|Any CPU
		Release|ARM = Release|ARM
		Release|x64 = Release|x64
		Release|x86 = Release|x86
	EndGlobalSection
	GlobalSection(ProjectConfigurationPlatforms) = postSolution
		{57121D92-8A57-4BDC-A19E-15EBF83CA0C8}.Debug|Any CPU.ActiveCfg = Debug|x86
		{57121D92-8A57-4BDC-A19E-15EBF83CA0C8}.Debug|ARM.ActiveCfg = Debug|ARM
		{57121D92-8A57-4BDC-A19E-15EBF83CA0C8}.Debug|ARM.Build.0 = Debug|ARM
		{57121D92-8A57-4BDC-A19E-15EBF83CA0C8}.Debug|ARM.Deploy.0 = Debug|ARM
		{57121D92-8A57-4BDC-A19E-15EBF83CA0C8}.Debug|x64.ActiveCfg = Debug|x64
		{57121D92-8A57-4BDC-A19E-15EBF83CA0C8}.Debug|x64.Build.0 = Debug|x64
		{57121D92-8A57-4BDC-A19E-15EBF83CA0C8}.Debug|x64.Deploy.0 = Debug|x64
		{57121D92-8A57-4BDC-A19E-15EBF83CA0C8}.Debug|x86.ActiveCfg = Debug|x86
		{57121D92-8A57-4BDC-A19E-15EBF83CA0C8}.Debug|x86.Build.0 = Debug|x86
		{57121D92-8A57-4BDC-A19E-15EBF83CA0C8}.Debug|x86.Deploy.0 = Debug|x86
		{57121D92-8A57-4BDC-A19E-15EBF83CA0C8}.Release|Any CPU.ActiveCfg = Release|x86
		{57121D92-8A57-4BDC-A19E-15EBF83CA0C8}.Release|ARM.ActiveCfg = Release|ARM
		{57121D92-8A57-4BDC-A19E-15EBF83CA0C8}.Release|ARM.Build.0 = Release|ARM
		{57121D92-8A57-4BDC-A19E-15EBF83CA0C8}.Release|ARM.Deploy.0 = Release|ARM
		{57121D92-8A57-4BDC-A19E-15EBF83CA0C8}.Release|x64.ActiveCfg = Release|x64
		{57121D92-8A57-4BDC-A19E-15EBF83CA0C8}.Release|x64.Build.0 = Release|x64
		{57121D92-8A57-4BDC-A19E-15EBF83CA0C8}.Release|x64.Deploy.0 = Release|x64
		{57121D92-8A57-4BDC-A19E-15EBF83CA0C8}.Release|x86.ActiveCfg = Release|x86
		{57121D92-8A57-4BDC-A19E-15EBF83CA0C8}.Release|x86.Build.0 = Release|x86
		{57121D92-8A57-4BDC-A19E-15EBF83CA0C8}.Release|x86.Deploy.0 = Release|x86
		{EE39247C-2556-42AD-99AE-744E68BBA59D}.Debug|Any CPU.ActiveCfg = Debug|Any CPU
		{EE39247C-2556-42AD-99AE-744E68BBA59D}.Debug|Any CPU.Build.0 = Debug|Any CPU
		{EE39247C-2556-42AD-99AE-744E68BBA59D}.Debug|ARM.ActiveCfg = Debug|Any CPU
		{EE39247C-2556-42AD-99AE-744E68BBA59D}.Debug|ARM.Build.0 = Debug|Any CPU
		{EE39247C-2556-42AD-99AE-744E68BBA59D}.Debug|x64.ActiveCfg = Debug|Any CPU
		{EE39247C-2556-42AD-99AE-744E68BBA59D}.Debug|x64.Build.0 = Debug|Any CPU
		{EE39247C-2556-42AD-99AE-744E68BBA59D}.Debug|x86.ActiveCfg = Debug|Any CPU
		{EE39247C-2556-42AD-99AE-744E68BBA59D}.Debug|x86.Build.0 = Debug|Any CPU
		{EE39247C-2556-42AD-99AE-744E68BBA59D}.Release|Any CPU.ActiveCfg = Release|Any CPU
		{EE39247C-2556-42AD-99AE-744E68BBA59D}.Release|Any CPU.Build.0 = Release|Any CPU
		{EE39247C-2556-42AD-99AE-744E68BBA59D}.Release|ARM.ActiveCfg = Release|Any CPU
		{EE39247C-2556-42AD-99AE-744E68BBA59D}.Release|ARM.Build.0 = Release|Any CPU
		{EE39247C-2556-42AD-99AE-744E68BBA59D}.Release|x64.ActiveCfg = Release|Any CPU
		{EE39247C-2556-42AD-99AE-744E68BBA59D}.Release|x64.Build.0 = Release|Any CPU
		{EE39247C-2556-42AD-99AE-744E68BBA59D}.Release|x86.ActiveCfg = Release|Any CPU
		{EE39247C-2556-42AD-99AE-744E68BBA59D}.Release|x86.Build.0 = Release|Any CPU
		{DFE1BE84-2C72-42BA-A858-016A19921307}.Debug|Any CPU.ActiveCfg = Debug|Any CPU
		{DFE1BE84-2C72-42BA-A858-016A19921307}.Debug|Any CPU.Build.0 = Debug|Any CPU
		{DFE1BE84-2C72-42BA-A858-016A19921307}.Debug|ARM.ActiveCfg = Debug|Any CPU
		{DFE1BE84-2C72-42BA-A858-016A19921307}.Debug|ARM.Build.0 = Debug|Any CPU
		{DFE1BE84-2C72-42BA-A858-016A19921307}.Debug|x64.ActiveCfg = Debug|Any CPU
		{DFE1BE84-2C72-42BA-A858-016A19921307}.Debug|x64.Build.0 = Debug|Any CPU
		{DFE1BE84-2C72-42BA-A858-016A19921307}.Debug|x86.ActiveCfg = Debug|Any CPU
		{DFE1BE84-2C72-42BA-A858-016A19921307}.Debug|x86.Build.0 = Debug|Any CPU
		{DFE1BE84-2C72-42BA-A858-016A19921307}.Release|Any CPU.ActiveCfg = Release|Any CPU
		{DFE1BE84-2C72-42BA-A858-016A19921307}.Release|Any CPU.Build.0 = Release|Any CPU
		{DFE1BE84-2C72-42BA-A858-016A19921307}.Release|ARM.ActiveCfg = Release|Any CPU
		{DFE1BE84-2C72-42BA-A858-016A19921307}.Release|ARM.Build.0 = Release|Any CPU
		{DFE1BE84-2C72-42BA-A858-016A19921307}.Release|x64.ActiveCfg = Release|Any CPU
		{DFE1BE84-2C72-42BA-A858-016A19921307}.Release|x64.Build.0 = Release|Any CPU
		{DFE1BE84-2C72-42BA-A858-016A19921307}.Release|x86.ActiveCfg = Release|Any CPU
		{DFE1BE84-2C72-42BA-A858-016A19921307}.Release|x86.Build.0 = Release|Any CPU
		{BCBC5CB5-BAB1-46CF-9B2E-D8D70BA8161C}.Debug|Any CPU.ActiveCfg = Debug|Any CPU
		{BCBC5CB5-BAB1-46CF-9B2E-D8D70BA8161C}.Debug|Any CPU.Build.0 = Debug|Any CPU
		{BCBC5CB5-BAB1-46CF-9B2E-D8D70BA8161C}.Debug|ARM.ActiveCfg = Debug|Any CPU
		{BCBC5CB5-BAB1-46CF-9B2E-D8D70BA8161C}.Debug|ARM.Build.0 = Debug|Any CPU
		{BCBC5CB5-BAB1-46CF-9B2E-D8D70BA8161C}.Debug|x64.ActiveCfg = Debug|Any CPU
		{BCBC5CB5-BAB1-46CF-9B2E-D8D70BA8161C}.Debug|x64.Build.0 = Debug|Any CPU
		{BCBC5CB5-BAB1-46CF-9B2E-D8D70BA8161C}.Debug|x86.ActiveCfg = Debug|Any CPU
		{BCBC5CB5-BAB1-46CF-9B2E-D8D70BA8161C}.Debug|x86.Build.0 = Debug|Any CPU
		{BCBC5CB5-BAB1-46CF-9B2E-D8D70BA8161C}.Release|Any CPU.ActiveCfg = Release|Any CPU
		{BCBC5CB5-BAB1-46CF-9B2E-D8D70BA8161C}.Release|Any CPU.Build.0 = Release|Any CPU
		{BCBC5CB5-BAB1-46CF-9B2E-D8D70BA8161C}.Release|ARM.ActiveCfg = Release|Any CPU
		{BCBC5CB5-BAB1-46CF-9B2E-D8D70BA8161C}.Release|ARM.Build.0 = Release|Any CPU
		{BCBC5CB5-BAB1-46CF-9B2E-D8D70BA8161C}.Release|x64.ActiveCfg = Release|Any CPU
		{BCBC5CB5-BAB1-46CF-9B2E-D8D70BA8161C}.Release|x64.Build.0 = Release|Any CPU
		{BCBC5CB5-BAB1-46CF-9B2E-D8D70BA8161C}.Release|x86.ActiveCfg = Release|Any CPU
		{BCBC5CB5-BAB1-46CF-9B2E-D8D70BA8161C}.Release|x86.Build.0 = Release|Any CPU
		{51E9BBCC-B6C8-473C-8C7B-F4961EF98DA0}.Debug|Any CPU.ActiveCfg = Debug|Any CPU
		{51E9BBCC-B6C8-473C-8C7B-F4961EF98DA0}.Debug|Any CPU.Build.0 = Debug|Any CPU
		{51E9BBCC-B6C8-473C-8C7B-F4961EF98DA0}.Debug|ARM.ActiveCfg = Debug|Any CPU
		{51E9BBCC-B6C8-473C-8C7B-F4961EF98DA0}.Debug|ARM.Build.0 = Debug|Any CPU
		{51E9BBCC-B6C8-473C-8C7B-F4961EF98DA0}.Debug|x64.ActiveCfg = Debug|Any CPU
		{51E9BBCC-B6C8-473C-8C7B-F4961EF98DA0}.Debug|x64.Build.0 = Debug|Any CPU
		{51E9BBCC-B6C8-473C-8C7B-F4961EF98DA0}.Debug|x86.ActiveCfg = Debug|Any CPU
		{51E9BBCC-B6C8-473C-8C7B-F4961EF98DA0}.Debug|x86.Build.0 = Debug|Any CPU
		{51E9BBCC-B6C8-473C-8C7B-F4961EF98DA0}.Release|Any CPU.ActiveCfg = Release|Any CPU
		{51E9BBCC-B6C8-473C-8C7B-F4961EF98DA0}.Release|Any CPU.Build.0 = Release|Any CPU
		{51E9BBCC-B6C8-473C-8C7B-F4961EF98DA0}.Release|ARM.ActiveCfg = Release|Any CPU
		{51E9BBCC-B6C8-473C-8C7B-F4961EF98DA0}.Release|ARM.Build.0 = Release|Any CPU
		{51E9BBCC-B6C8-473C-8C7B-F4961EF98DA0}.Release|x64.ActiveCfg = Release|Any CPU
		{51E9BBCC-B6C8-473C-8C7B-F4961EF98DA0}.Release|x64.Build.0 = Release|Any CPU
		{51E9BBCC-B6C8-473C-8C7B-F4961EF98DA0}.Release|x86.ActiveCfg = Release|Any CPU
		{51E9BBCC-B6C8-473C-8C7B-F4961EF98DA0}.Release|x86.Build.0 = Release|Any CPU
		{57451117-16DF-40FB-B360-F7F310A4CD37}.Debug|Any CPU.ActiveCfg = Debug|Any CPU
		{57451117-16DF-40FB-B360-F7F310A4CD37}.Debug|Any CPU.Build.0 = Debug|Any CPU
		{57451117-16DF-40FB-B360-F7F310A4CD37}.Debug|ARM.ActiveCfg = Debug|Any CPU
		{57451117-16DF-40FB-B360-F7F310A4CD37}.Debug|ARM.Build.0 = Debug|Any CPU
		{57451117-16DF-40FB-B360-F7F310A4CD37}.Debug|x64.ActiveCfg = Debug|Any CPU
		{57451117-16DF-40FB-B360-F7F310A4CD37}.Debug|x64.Build.0 = Debug|Any CPU
		{57451117-16DF-40FB-B360-F7F310A4CD37}.Debug|x86.ActiveCfg = Debug|Any CPU
		{57451117-16DF-40FB-B360-F7F310A4CD37}.Debug|x86.Build.0 = Debug|Any CPU
		{57451117-16DF-40FB-B360-F7F310A4CD37}.Release|Any CPU.ActiveCfg = Release|Any CPU
		{57451117-16DF-40FB-B360-F7F310A4CD37}.Release|Any CPU.Build.0 = Release|Any CPU
		{57451117-16DF-40FB-B360-F7F310A4CD37}.Release|ARM.ActiveCfg = Release|Any CPU
		{57451117-16DF-40FB-B360-F7F310A4CD37}.Release|ARM.Build.0 = Release|Any CPU
		{57451117-16DF-40FB-B360-F7F310A4CD37}.Release|x64.ActiveCfg = Release|Any CPU
		{57451117-16DF-40FB-B360-F7F310A4CD37}.Release|x64.Build.0 = Release|Any CPU
		{57451117-16DF-40FB-B360-F7F310A4CD37}.Release|x86.ActiveCfg = Release|Any CPU
		{57451117-16DF-40FB-B360-F7F310A4CD37}.Release|x86.Build.0 = Release|Any CPU
	EndGlobalSection
	GlobalSection(SolutionProperties) = preSolution
		HideSolutionNode = FALSE
	EndGlobalSection
EndGlobal
